
Microsoft Visual Studio Solution File, Format Version 12.00
# Visual Studio Version 16
VisualStudioVersion = 16.0.30114.105
MinimumVisualStudioVersion = 10.0.40219.1
Project("{FAE04EC0-301F-11D3-BF4B-00C04F79EFBC}") = "ToDoList", "ToDoList.csproj", "{9FBD4499-39C2-419D-BD33-711EBDE742E0}"
EndProject
Global
	GlobalSection(SolutionConfigurationPlatforms) = preSolution
		Debug|Any CPU = Debug|Any CPU
		Release|Any CPU = Release|Any CPU
	EndGlobalSection
	GlobalSection(ProjectConfigurationPlatforms) = postSolution
		{9FBD4499-39C2-419D-BD33-711EBDE742E0}.Debug|Any CPU.ActiveCfg = Debug|Any CPU
		{9FBD4499-39C2-419D-BD33-711EBDE742E0}.Debug|Any CPU.Build.0 = Debug|Any CPU
		{9FBD4499-39C2-419D-BD33-711EBDE742E0}.Debug|Any CPU.Deploy.0 = Debug|Any CPU
		{9FBD4499-39C2-419D-BD33-711EBDE742E0}.Release|Any CPU.ActiveCfg = Release|Any CPU
		{9FBD4499-39C2-419D-BD33-711EBDE742E0}.Release|Any CPU.Build.0 = Release|Any CPU
		{9FBD4499-39C2-419D-BD33-711EBDE742E0}.Release|Any CPU.Deploy.0 = Release|Any CPU
	EndGlobalSection
	GlobalSection(SolutionProperties) = preSolution
		HideSolutionNode = FALSE
	EndGlobalSection
	GlobalSection(ExtensibilityGlobals) = postSolution
		SolutionGuid = {D66CA9D3-9891-4D26-90A8-E877053F5D9E}
	EndGlobalSection
EndGlobal
